// !$*UTF8*$!
{
	archiveVersion = 1;
	classes = {
	};
	objectVersion = 51;
	objects = {

/* Begin PBXBuildFile section */
		03888E3B685EBE6C1DCA1E17 /* Pods_flix.framework in Frameworks */ = {isa = PBXBuildFile; fileRef = 30A072C01F85E0B9A8D6100A /* Pods_flix.framework */; };
		2000F18013F67E3DC75220B5 /* Pods_flixTests.framework in Frameworks */ = {isa = PBXBuildFile; fileRef = 2D1BF4BF3C61F4DB0088BF5B /* Pods_flixTests.framework */; };
		2951FE7B91FD8244E27F61CD /* Pods_flixUITests.framework in Frameworks */ = {isa = PBXBuildFile; fileRef = EF0F80355C8D231CC138967D /* Pods_flixUITests.framework */; };
		A27AD0C222C448A200AF7226 /* MovieCell.m in Sources */ = {isa = PBXBuildFile; fileRef = A27AD0C122C448A200AF7226 /* MovieCell.m */; };
		A2CD48FC22C5928B00B8EDEB /* DetailsViewController.m in Sources */ = {isa = PBXBuildFile; fileRef = A2CD48FB22C5928B00B8EDEB /* DetailsViewController.m */; };
		A2D0A09A22C3F0D2002F6991 /* AppDelegate.m in Sources */ = {isa = PBXBuildFile; fileRef = A2D0A09922C3F0D2002F6991 /* AppDelegate.m */; };
		A2D0A0A022C3F0D2002F6991 /* Main.storyboard in Resources */ = {isa = PBXBuildFile; fileRef = A2D0A09E22C3F0D2002F6991 /* Main.storyboard */; };
		A2D0A0A222C3F0D3002F6991 /* Assets.xcassets in Resources */ = {isa = PBXBuildFile; fileRef = A2D0A0A122C3F0D3002F6991 /* Assets.xcassets */; };
		A2D0A0A522C3F0D3002F6991 /* LaunchScreen.storyboard in Resources */ = {isa = PBXBuildFile; fileRef = A2D0A0A322C3F0D3002F6991 /* LaunchScreen.storyboard */; };
		A2D0A0A822C3F0D3002F6991 /* main.m in Sources */ = {isa = PBXBuildFile; fileRef = A2D0A0A722C3F0D3002F6991 /* main.m */; };
		A2D0A0B222C3F0D3002F6991 /* flixTests.m in Sources */ = {isa = PBXBuildFile; fileRef = A2D0A0B122C3F0D3002F6991 /* flixTests.m */; };
		A2D0A0BD22C3F0D3002F6991 /* flixUITests.m in Sources */ = {isa = PBXBuildFile; fileRef = A2D0A0BC22C3F0D3002F6991 /* flixUITests.m */; };
		A2D0A0CC22C42142002F6991 /* MoviesViewController.m in Sources */ = {isa = PBXBuildFile; fileRef = A2D0A0CB22C42142002F6991 /* MoviesViewController.m */; };
/* End PBXBuildFile section */

/* Begin PBXContainerItemProxy section */
		A2D0A0AE22C3F0D3002F6991 /* PBXContainerItemProxy */ = {
			isa = PBXContainerItemProxy;
			containerPortal = A2D0A08D22C3F0D2002F6991 /* Project object */;
			proxyType = 1;
			remoteGlobalIDString = A2D0A09422C3F0D2002F6991;
			remoteInfo = flix;
		};
		A2D0A0B922C3F0D3002F6991 /* PBXContainerItemProxy */ = {
			isa = PBXContainerItemProxy;
			containerPortal = A2D0A08D22C3F0D2002F6991 /* Project object */;
			proxyType = 1;
			remoteGlobalIDString = A2D0A09422C3F0D2002F6991;
			remoteInfo = flix;
		};
/* End PBXContainerItemProxy section */

/* Begin PBXFileReference section */
		140F3F7A69F9F91D1D9D090B /* Pods-flix.debug.xcconfig */ = {isa = PBXFileReference; includeInIndex = 1; lastKnownFileType = text.xcconfig; name = "Pods-flix.debug.xcconfig"; path = "Target Support Files/Pods-flix/Pods-flix.debug.xcconfig"; sourceTree = "<group>"; };
		2D1BF4BF3C61F4DB0088BF5B /* Pods_flixTests.framework */ = {isa = PBXFileReference; explicitFileType = wrapper.framework; includeInIndex = 0; path = Pods_flixTests.framework; sourceTree = BUILT_PRODUCTS_DIR; };
		30A072C01F85E0B9A8D6100A /* Pods_flix.framework */ = {isa = PBXFileReference; explicitFileType = wrapper.framework; includeInIndex = 0; path = Pods_flix.framework; sourceTree = BUILT_PRODUCTS_DIR; };
		541CCBF51B09EEDF5EA52CD1 /* Pods-flixTests.debug.xcconfig */ = {isa = PBXFileReference; includeInIndex = 1; lastKnownFileType = text.xcconfig; name = "Pods-flixTests.debug.xcconfig"; path = "Target Support Files/Pods-flixTests/Pods-flixTests.debug.xcconfig"; sourceTree = "<group>"; };
		5C6F9B4942D1ECF61B3A2688 /* Pods-flix.release.xcconfig */ = {isa = PBXFileReference; includeInIndex = 1; lastKnownFileType = text.xcconfig; name = "Pods-flix.release.xcconfig"; path = "Target Support Files/Pods-flix/Pods-flix.release.xcconfig"; sourceTree = "<group>"; };
		6A5A59882B637B206F1C8761 /* Pods-flixUITests.debug.xcconfig */ = {isa = PBXFileReference; includeInIndex = 1; lastKnownFileType = text.xcconfig; name = "Pods-flixUITests.debug.xcconfig"; path = "Target Support Files/Pods-flixUITests/Pods-flixUITests.debug.xcconfig"; sourceTree = "<group>"; };
		A068F66BC627AA40FCBB62BF /* Pods-flixTests.release.xcconfig */ = {isa = PBXFileReference; includeInIndex = 1; lastKnownFileType = text.xcconfig; name = "Pods-flixTests.release.xcconfig"; path = "Target Support Files/Pods-flixTests/Pods-flixTests.release.xcconfig"; sourceTree = "<group>"; };
		A27AD0C022C448A200AF7226 /* MovieCell.h */ = {isa = PBXFileReference; lastKnownFileType = sourcecode.c.h; path = MovieCell.h; sourceTree = "<group>"; };
		A27AD0C122C448A200AF7226 /* MovieCell.m */ = {isa = PBXFileReference; lastKnownFileType = sourcecode.c.objc; path = MovieCell.m; sourceTree = "<group>"; };
		A2CD48FA22C5928B00B8EDEB /* DetailsViewController.h */ = {isa = PBXFileReference; lastKnownFileType = sourcecode.c.h; path = DetailsViewController.h; sourceTree = "<group>"; };
		A2CD48FB22C5928B00B8EDEB /* DetailsViewController.m */ = {isa = PBXFileReference; lastKnownFileType = sourcecode.c.objc; path = DetailsViewController.m; sourceTree = "<group>"; };
		A2D0A09522C3F0D2002F6991 /* flix.app */ = {isa = PBXFileReference; explicitFileType = wrapper.application; includeInIndex = 0; path = flix.app; sourceTree = BUILT_PRODUCTS_DIR; };
		A2D0A09822C3F0D2002F6991 /* AppDelegate.h */ = {isa = PBXFileReference; lastKnownFileType = sourcecode.c.h; path = AppDelegate.h; sourceTree = "<group>"; };
		A2D0A09922C3F0D2002F6991 /* AppDelegate.m */ = {isa = PBXFileReference; lastKnownFileType = sourcecode.c.objc; path = AppDelegate.m; sourceTree = "<group>"; };
		A2D0A09F22C3F0D2002F6991 /* Base */ = {isa = PBXFileReference; lastKnownFileType = file.storyboard; name = Base; path = Base.lproj/Main.storyboard; sourceTree = "<group>"; };
		A2D0A0A122C3F0D3002F6991 /* Assets.xcassets */ = {isa = PBXFileReference; lastKnownFileType = folder.assetcatalog; path = Assets.xcassets; sourceTree = "<group>"; };
		A2D0A0A422C3F0D3002F6991 /* Base */ = {isa = PBXFileReference; lastKnownFileType = file.storyboard; name = Base; path = Base.lproj/LaunchScreen.storyboard; sourceTree = "<group>"; };
		A2D0A0A622C3F0D3002F6991 /* Info.plist */ = {isa = PBXFileReference; lastKnownFileType = text.plist.xml; path = Info.plist; sourceTree = "<group>"; };
		A2D0A0A722C3F0D3002F6991 /* main.m */ = {isa = PBXFileReference; lastKnownFileType = sourcecode.c.objc; path = main.m; sourceTree = "<group>"; };
		A2D0A0AD22C3F0D3002F6991 /* flixTests.xctest */ = {isa = PBXFileReference; explicitFileType = wrapper.cfbundle; includeInIndex = 0; path = flixTests.xctest; sourceTree = BUILT_PRODUCTS_DIR; };
		A2D0A0B122C3F0D3002F6991 /* flixTests.m */ = {isa = PBXFileReference; lastKnownFileType = sourcecode.c.objc; path = flixTests.m; sourceTree = "<group>"; };
		A2D0A0B322C3F0D3002F6991 /* Info.plist */ = {isa = PBXFileReference; lastKnownFileType = text.plist.xml; path = Info.plist; sourceTree = "<group>"; };
		A2D0A0B822C3F0D3002F6991 /* flixUITests.xctest */ = {isa = PBXFileReference; explicitFileType = wrapper.cfbundle; includeInIndex = 0; path = flixUITests.xctest; sourceTree = BUILT_PRODUCTS_DIR; };
		A2D0A0BC22C3F0D3002F6991 /* flixUITests.m */ = {isa = PBXFileReference; lastKnownFileType = sourcecode.c.objc; path = flixUITests.m; sourceTree = "<group>"; };
		A2D0A0BE22C3F0D3002F6991 /* Info.plist */ = {isa = PBXFileReference; lastKnownFileType = text.plist.xml; path = Info.plist; sourceTree = "<group>"; };
		A2D0A0CA22C42142002F6991 /* MoviesViewController.h */ = {isa = PBXFileReference; lastKnownFileType = sourcecode.c.h; path = MoviesViewController.h; sourceTree = "<group>"; };
		A2D0A0CB22C42142002F6991 /* MoviesViewController.m */ = {isa = PBXFileReference; lastKnownFileType = sourcecode.c.objc; path = MoviesViewController.m; sourceTree = "<group>"; };
		DB83D759C474DB97A71FE8FD /* Pods-flixUITests.release.xcconfig */ = {isa = PBXFileReference; includeInIndex = 1; lastKnownFileType = text.xcconfig; name = "Pods-flixUITests.release.xcconfig"; path = "Target Support Files/Pods-flixUITests/Pods-flixUITests.release.xcconfig"; sourceTree = "<group>"; };
		EF0F80355C8D231CC138967D /* Pods_flixUITests.framework */ = {isa = PBXFileReference; explicitFileType = wrapper.framework; includeInIndex = 0; path = Pods_flixUITests.framework; sourceTree = BUILT_PRODUCTS_DIR; };
/* End PBXFileReference section */

/* Begin PBXFrameworksBuildPhase section */
		A2D0A09222C3F0D2002F6991 /* Frameworks */ = {
			isa = PBXFrameworksBuildPhase;
			buildActionMask = 2147483647;
			files = (
				03888E3B685EBE6C1DCA1E17 /* Pods_flix.framework in Frameworks */,
			);
			runOnlyForDeploymentPostprocessing = 0;
		};
		A2D0A0AA22C3F0D3002F6991 /* Frameworks */ = {
			isa = PBXFrameworksBuildPhase;
			buildActionMask = 2147483647;
			files = (
				2000F18013F67E3DC75220B5 /* Pods_flixTests.framework in Frameworks */,
			);
			runOnlyForDeploymentPostprocessing = 0;
		};
		A2D0A0B522C3F0D3002F6991 /* Frameworks */ = {
			isa = PBXFrameworksBuildPhase;
			buildActionMask = 2147483647;
			files = (
				2951FE7B91FD8244E27F61CD /* Pods_flixUITests.framework in Frameworks */,
			);
			runOnlyForDeploymentPostprocessing = 0;
		};
/* End PBXFrameworksBuildPhase section */

/* Begin PBXGroup section */
		5C9FF104AB9A7BCC18745F68 /* Pods */ = {
			isa = PBXGroup;
			children = (
				140F3F7A69F9F91D1D9D090B /* Pods-flix.debug.xcconfig */,
				5C6F9B4942D1ECF61B3A2688 /* Pods-flix.release.xcconfig */,
				541CCBF51B09EEDF5EA52CD1 /* Pods-flixTests.debug.xcconfig */,
				A068F66BC627AA40FCBB62BF /* Pods-flixTests.release.xcconfig */,
				6A5A59882B637B206F1C8761 /* Pods-flixUITests.debug.xcconfig */,
				DB83D759C474DB97A71FE8FD /* Pods-flixUITests.release.xcconfig */,
			);
			path = Pods;
			sourceTree = "<group>";
		};
		A2D0A08C22C3F0D2002F6991 = {
			isa = PBXGroup;
			children = (
				A2D0A09722C3F0D2002F6991 /* flix */,
				A2D0A0B022C3F0D3002F6991 /* flixTests */,
				A2D0A0BB22C3F0D3002F6991 /* flixUITests */,
				A2D0A09622C3F0D2002F6991 /* Products */,
				5C9FF104AB9A7BCC18745F68 /* Pods */,
				D5653974FDB57FDFA19D5D2B /* Frameworks */,
			);
			sourceTree = "<group>";
		};
		A2D0A09622C3F0D2002F6991 /* Products */ = {
			isa = PBXGroup;
			children = (
				A2D0A09522C3F0D2002F6991 /* flix.app */,
				A2D0A0AD22C3F0D3002F6991 /* flixTests.xctest */,
				A2D0A0B822C3F0D3002F6991 /* flixUITests.xctest */,
			);
			name = Products;
			sourceTree = "<group>";
		};
		A2D0A09722C3F0D2002F6991 /* flix */ = {
			isa = PBXGroup;
			children = (
				A2D0A0CF22C4227E002F6991 /* Models */,
				A2D0A0CE22C42278002F6991 /* Views */,
				A2D0A0CD22C42269002F6991 /* View Controllers */,
				A2D0A09822C3F0D2002F6991 /* AppDelegate.h */,
				A2D0A09922C3F0D2002F6991 /* AppDelegate.m */,
				A2D0A09E22C3F0D2002F6991 /* Main.storyboard */,
				A2D0A0A122C3F0D3002F6991 /* Assets.xcassets */,
				A2D0A0A322C3F0D3002F6991 /* LaunchScreen.storyboard */,
				A2D0A0A622C3F0D3002F6991 /* Info.plist */,
				A2D0A0A722C3F0D3002F6991 /* main.m */,
			);
			path = flix;
			sourceTree = "<group>";
		};
		A2D0A0B022C3F0D3002F6991 /* flixTests */ = {
			isa = PBXGroup;
			children = (
				A2D0A0B122C3F0D3002F6991 /* flixTests.m */,
				A2D0A0B322C3F0D3002F6991 /* Info.plist */,
			);
			path = flixTests;
			sourceTree = "<group>";
		};
		A2D0A0BB22C3F0D3002F6991 /* flixUITests */ = {
			isa = PBXGroup;
			children = (
				A2D0A0BC22C3F0D3002F6991 /* flixUITests.m */,
				A2D0A0BE22C3F0D3002F6991 /* Info.plist */,
			);
			path = flixUITests;
			sourceTree = "<group>";
		};
		A2D0A0CD22C42269002F6991 /* View Controllers */ = {
			isa = PBXGroup;
			children = (
				A2D0A0CA22C42142002F6991 /* MoviesViewController.h */,
				A2D0A0CB22C42142002F6991 /* MoviesViewController.m */,
				A2CD48FA22C5928B00B8EDEB /* DetailsViewController.h */,
				A2CD48FB22C5928B00B8EDEB /* DetailsViewController.m */,
			);
			path = "View Controllers";
			sourceTree = "<group>";
		};
		A2D0A0CE22C42278002F6991 /* Views */ = {
			isa = PBXGroup;
			children = (
				A27AD0C022C448A200AF7226 /* MovieCell.h */,
				A27AD0C122C448A200AF7226 /* MovieCell.m */,
			);
			path = Views;
			sourceTree = "<group>";
		};
		A2D0A0CF22C4227E002F6991 /* Models */ = {
			isa = PBXGroup;
			children = (
			);
			path = Models;
			sourceTree = "<group>";
		};
		D5653974FDB57FDFA19D5D2B /* Frameworks */ = {
			isa = PBXGroup;
			children = (
				30A072C01F85E0B9A8D6100A /* Pods_flix.framework */,
				2D1BF4BF3C61F4DB0088BF5B /* Pods_flixTests.framework */,
				EF0F80355C8D231CC138967D /* Pods_flixUITests.framework */,
			);
			name = Frameworks;
			sourceTree = "<group>";
		};
/* End PBXGroup section */

/* Begin PBXNativeTarget section */
		A2D0A09422C3F0D2002F6991 /* flix */ = {
			isa = PBXNativeTarget;
			buildConfigurationList = A2D0A0C122C3F0D3002F6991 /* Build configuration list for PBXNativeTarget "flix" */;
			buildPhases = (
				6728987DD7C76731F9FF4ED0 /* [CP] Check Pods Manifest.lock */,
				A2D0A09122C3F0D2002F6991 /* Sources */,
				A2D0A09222C3F0D2002F6991 /* Frameworks */,
				A2D0A09322C3F0D2002F6991 /* Resources */,
				BD6C1E4302AB52658D740952 /* [CP] Embed Pods Frameworks */,
			);
			buildRules = (
			);
			dependencies = (
			);
			name = flix;
			productName = flix;
			productReference = A2D0A09522C3F0D2002F6991 /* flix.app */;
			productType = "com.apple.product-type.application";
		};
		A2D0A0AC22C3F0D3002F6991 /* flixTests */ = {
			isa = PBXNativeTarget;
			buildConfigurationList = A2D0A0C422C3F0D3002F6991 /* Build configuration list for PBXNativeTarget "flixTests" */;
			buildPhases = (
				28FA36B7030FFC54EC811EDC /* [CP] Check Pods Manifest.lock */,
				A2D0A0A922C3F0D3002F6991 /* Sources */,
				A2D0A0AA22C3F0D3002F6991 /* Frameworks */,
				A2D0A0AB22C3F0D3002F6991 /* Resources */,
			);
			buildRules = (
			);
			dependencies = (
				A2D0A0AF22C3F0D3002F6991 /* PBXTargetDependency */,
			);
			name = flixTests;
			productName = flixTests;
			productReference = A2D0A0AD22C3F0D3002F6991 /* flixTests.xctest */;
			productType = "com.apple.product-type.bundle.unit-test";
		};
		A2D0A0B722C3F0D3002F6991 /* flixUITests */ = {
			isa = PBXNativeTarget;
			buildConfigurationList = A2D0A0C722C3F0D3002F6991 /* Build configuration list for PBXNativeTarget "flixUITests" */;
			buildPhases = (
				D595323181B522012B0950D1 /* [CP] Check Pods Manifest.lock */,
				A2D0A0B422C3F0D3002F6991 /* Sources */,
				A2D0A0B522C3F0D3002F6991 /* Frameworks */,
				A2D0A0B622C3F0D3002F6991 /* Resources */,
			);
			buildRules = (
			);
			dependencies = (
				A2D0A0BA22C3F0D3002F6991 /* PBXTargetDependency */,
			);
			name = flixUITests;
			productName = flixUITests;
			productReference = A2D0A0B822C3F0D3002F6991 /* flixUITests.xctest */;
			productType = "com.apple.product-type.bundle.ui-testing";
		};
/* End PBXNativeTarget section */

/* Begin PBXProject section */
		A2D0A08D22C3F0D2002F6991 /* Project object */ = {
			isa = PBXProject;
			attributes = {
				LastUpgradeCheck = 1020;
				ORGANIZATIONNAME = juliapark628;
				TargetAttributes = {
					A2D0A09422C3F0D2002F6991 = {
						CreatedOnToolsVersion = 10.2.1;
					};
					A2D0A0AC22C3F0D3002F6991 = {
						CreatedOnToolsVersion = 10.2.1;
						TestTargetID = A2D0A09422C3F0D2002F6991;
					};
					A2D0A0B722C3F0D3002F6991 = {
						CreatedOnToolsVersion = 10.2.1;
						TestTargetID = A2D0A09422C3F0D2002F6991;
					};
				};
			};
			buildConfigurationList = A2D0A09022C3F0D2002F6991 /* Build configuration list for PBXProject "flix" */;
			compatibilityVersion = "Xcode 9.3";
			developmentRegion = en;
			hasScannedForEncodings = 0;
			knownRegions = (
				en,
				Base,
			);
			mainGroup = A2D0A08C22C3F0D2002F6991;
			productRefGroup = A2D0A09622C3F0D2002F6991 /* Products */;
			projectDirPath = "";
			projectRoot = "";
			targets = (
				A2D0A09422C3F0D2002F6991 /* flix */,
				A2D0A0AC22C3F0D3002F6991 /* flixTests */,
				A2D0A0B722C3F0D3002F6991 /* flixUITests */,
			);
		};
/* End PBXProject section */

/* Begin PBXResourcesBuildPhase section */
		A2D0A09322C3F0D2002F6991 /* Resources */ = {
			isa = PBXResourcesBuildPhase;
			buildActionMask = 2147483647;
			files = (
				A2D0A0A522C3F0D3002F6991 /* LaunchScreen.storyboard in Resources */,
				A2D0A0A222C3F0D3002F6991 /* Assets.xcassets in Resources */,
				A2D0A0A022C3F0D2002F6991 /* Main.storyboard in Resources */,
			);
			runOnlyForDeploymentPostprocessing = 0;
		};
		A2D0A0AB22C3F0D3002F6991 /* Resources */ = {
			isa = PBXResourcesBuildPhase;
			buildActionMask = 2147483647;
			files = (
			);
			runOnlyForDeploymentPostprocessing = 0;
		};
		A2D0A0B622C3F0D3002F6991 /* Resources */ = {
			isa = PBXResourcesBuildPhase;
			buildActionMask = 2147483647;
			files = (
			);
			runOnlyForDeploymentPostprocessing = 0;
		};
/* End PBXResourcesBuildPhase section */

/* Begin PBXShellScriptBuildPhase section */
		28FA36B7030FFC54EC811EDC /* [CP] Check Pods Manifest.lock */ = {
			isa = PBXShellScriptBuildPhase;
			buildActionMask = 2147483647;
			files = (
			);
			inputFileListPaths = (
			);
			inputPaths = (
				"${PODS_PODFILE_DIR_PATH}/Podfile.lock",
				"${PODS_ROOT}/Manifest.lock",
			);
			name = "[CP] Check Pods Manifest.lock";
			outputFileListPaths = (
			);
			outputPaths = (
				"$(DERIVED_FILE_DIR)/Pods-flixTests-checkManifestLockResult.txt",
			);
			runOnlyForDeploymentPostprocessing = 0;
			shellPath = /bin/sh;
			shellScript = "diff \"${PODS_PODFILE_DIR_PATH}/Podfile.lock\" \"${PODS_ROOT}/Manifest.lock\" > /dev/null\nif [ $? != 0 ] ; then\n    # print error to STDERR\n    echo \"error: The sandbox is not in sync with the Podfile.lock. Run 'pod install' or update your CocoaPods installation.\" >&2\n    exit 1\nfi\n# This output is used by Xcode 'outputs' to avoid re-running this script phase.\necho \"SUCCESS\" > \"${SCRIPT_OUTPUT_FILE_0}\"\n";
			showEnvVarsInLog = 0;
		};
		6728987DD7C76731F9FF4ED0 /* [CP] Check Pods Manifest.lock */ = {
			isa = PBXShellScriptBuildPhase;
			buildActionMask = 2147483647;
			files = (
			);
			inputFileListPaths = (
			);
			inputPaths = (
				"${PODS_PODFILE_DIR_PATH}/Podfile.lock",
				"${PODS_ROOT}/Manifest.lock",
			);
			name = "[CP] Check Pods Manifest.lock";
			outputFileListPaths = (
			);
			outputPaths = (
				"$(DERIVED_FILE_DIR)/Pods-flix-checkManifestLockResult.txt",
			);
			runOnlyForDeploymentPostprocessing = 0;
			shellPath = /bin/sh;
			shellScript = "diff \"${PODS_PODFILE_DIR_PATH}/Podfile.lock\" \"${PODS_ROOT}/Manifest.lock\" > /dev/null\nif [ $? != 0 ] ; then\n    # print error to STDERR\n    echo \"error: The sandbox is not in sync with the Podfile.lock. Run 'pod install' or update your CocoaPods installation.\" >&2\n    exit 1\nfi\n# This output is used by Xcode 'outputs' to avoid re-running this script phase.\necho \"SUCCESS\" > \"${SCRIPT_OUTPUT_FILE_0}\"\n";
			showEnvVarsInLog = 0;
		};
		BD6C1E4302AB52658D740952 /* [CP] Embed Pods Frameworks */ = {
			isa = PBXShellScriptBuildPhase;
			buildActionMask = 2147483647;
			files = (
			);
			inputFileListPaths = (
				"${PODS_ROOT}/Target Support Files/Pods-flix/Pods-flix-frameworks-${CONFIGURATION}-input-files.xcfilelist",
			);
			name = "[CP] Embed Pods Frameworks";
			outputFileListPaths = (
				"${PODS_ROOT}/Target Support Files/Pods-flix/Pods-flix-frameworks-${CONFIGURATION}-output-files.xcfilelist",
			);
			runOnlyForDeploymentPostprocessing = 0;
			shellPath = /bin/sh;
			shellScript = "\"${PODS_ROOT}/Target Support Files/Pods-flix/Pods-flix-frameworks.sh\"\n";
			showEnvVarsInLog = 0;
		};
		D595323181B522012B0950D1 /* [CP] Check Pods Manifest.lock */ = {
			isa = PBXShellScriptBuildPhase;
			buildActionMask = 2147483647;
			files = (
			);
			inputFileListPaths = (
			);
			inputPaths = (
				"${PODS_PODFILE_DIR_PATH}/Podfile.lock",
				"${PODS_ROOT}/Manifest.lock",
			);
			name = "[CP] Check Pods Manifest.lock";
			outputFileListPaths = (
			);
			outputPaths = (
				"$(DERIVED_FILE_DIR)/Pods-flixUITests-checkManifestLockResult.txt",
			);
			runOnlyForDeploymentPostprocessing = 0;
			shellPath = /bin/sh;
			shellScript = "diff \"${PODS_PODFILE_DIR_PATH}/Podfile.lock\" \"${PODS_ROOT}/Manifest.lock\" > /dev/null\nif [ $? != 0 ] ; then\n    # print error to STDERR\n    echo \"error: The sandbox is not in sync with the Podfile.lock. Run 'pod install' or update your CocoaPods installation.\" >&2\n    exit 1\nfi\n# This output is used by Xcode 'outputs' to avoid re-running this script phase.\necho \"SUCCESS\" > \"${SCRIPT_OUTPUT_FILE_0}\"\n";
			showEnvVarsInLog = 0;
		};
/* End PBXShellScriptBuildPhase section */

/* Begin PBXSourcesBuildPhase section */
		A2D0A09122C3F0D2002F6991 /* Sources */ = {
			isa = PBXSourcesBuildPhase;
			buildActionMask = 2147483647;
			files = (
				A2D0A0A822C3F0D3002F6991 /* main.m in Sources */,
				A2CD48FC22C5928B00B8EDEB /* DetailsViewController.m in Sources */,
				A2D0A09A22C3F0D2002F6991 /* AppDelegate.m in Sources */,
				A27AD0C222C448A200AF7226 /* MovieCell.m in Sources */,
				A2D0A0CC22C42142002F6991 /* MoviesViewController.m in Sources */,
			);
			runOnlyForDeploymentPostprocessing = 0;
		};
		A2D0A0A922C3F0D3002F6991 /* Sources */ = {
			isa = PBXSourcesBuildPhase;
			buildActionMask = 2147483647;
			files = (
				A2D0A0B222C3F0D3002F6991 /* flixTests.m in Sources */,
			);
			runOnlyForDeploymentPostprocessing = 0;
		};
		A2D0A0B422C3F0D3002F6991 /* Sources */ = {
			isa = PBXSourcesBuildPhase;
			buildActionMask = 2147483647;
			files = (
				A2D0A0BD22C3F0D3002F6991 /* flixUITests.m in Sources */,
			);
			runOnlyForDeploymentPostprocessing = 0;
		};
/* End PBXSourcesBuildPhase section */

/* Begin PBXTargetDependency section */
		A2D0A0AF22C3F0D3002F6991 /* PBXTargetDependency */ = {
			isa = PBXTargetDependency;
			target = A2D0A09422C3F0D2002F6991 /* flix */;
			targetProxy = A2D0A0AE22C3F0D3002F6991 /* PBXContainerItemProxy */;
		};
		A2D0A0BA22C3F0D3002F6991 /* PBXTargetDependency */ = {
			isa = PBXTargetDependency;
			target = A2D0A09422C3F0D2002F6991 /* flix */;
			targetProxy = A2D0A0B922C3F0D3002F6991 /* PBXContainerItemProxy */;
		};
/* End PBXTargetDependency section */

/* Begin PBXVariantGroup section */
		A2D0A09E22C3F0D2002F6991 /* Main.storyboard */ = {
			isa = PBXVariantGroup;
			children = (
				A2D0A09F22C3F0D2002F6991 /* Base */,
			);
			name = Main.storyboard;
			sourceTree = "<group>";
		};
		A2D0A0A322C3F0D3002F6991 /* LaunchScreen.storyboard */ = {
			isa = PBXVariantGroup;
			children = (
				A2D0A0A422C3F0D3002F6991 /* Base */,
			);
			name = LaunchScreen.storyboard;
			sourceTree = "<group>";
		};
/* End PBXVariantGroup section */

/* Begin XCBuildConfiguration section */
		A2D0A0BF22C3F0D3002F6991 /* Debug */ = {
			isa = XCBuildConfiguration;
			buildSettings = {
				ALWAYS_SEARCH_USER_PATHS = NO;
				CLANG_ANALYZER_NONNULL = YES;
				CLANG_ANALYZER_NUMBER_OBJECT_CONVERSION = YES_AGGRESSIVE;
				CLANG_CXX_LANGUAGE_STANDARD = "gnu++14";
				CLANG_CXX_LIBRARY = "libc++";
				CLANG_ENABLE_MODULES = YES;
				CLANG_ENABLE_OBJC_ARC = YES;
				CLANG_ENABLE_OBJC_WEAK = YES;
				CLANG_WARN_BLOCK_CAPTURE_AUTORELEASING = YES;
				CLANG_WARN_BOOL_CONVERSION = YES;
				CLANG_WARN_COMMA = YES;
				CLANG_WARN_CONSTANT_CONVERSION = YES;
				CLANG_WARN_DEPRECATED_OBJC_IMPLEMENTATIONS = YES;
				CLANG_WARN_DIRECT_OBJC_ISA_USAGE = YES_ERROR;
				CLANG_WARN_DOCUMENTATION_COMMENTS = YES;
				CLANG_WARN_EMPTY_BODY = YES;
				CLANG_WARN_ENUM_CONVERSION = YES;
				CLANG_WARN_INFINITE_RECURSION = YES;
				CLANG_WARN_INT_CONVERSION = YES;
				CLANG_WARN_NON_LITERAL_NULL_CONVERSION = YES;
				CLANG_WARN_OBJC_IMPLICIT_RETAIN_SELF = YES;
				CLANG_WARN_OBJC_LITERAL_CONVERSION = YES;
				CLANG_WARN_OBJC_ROOT_CLASS = YES_ERROR;
				CLANG_WARN_RANGE_LOOP_ANALYSIS = YES;
				CLANG_WARN_STRICT_PROTOTYPES = YES;
				CLANG_WARN_SUSPICIOUS_MOVE = YES;
				CLANG_WARN_UNGUARDED_AVAILABILITY = YES_AGGRESSIVE;
				CLANG_WARN_UNREACHABLE_CODE = YES;
				CLANG_WARN__DUPLICATE_METHOD_MATCH = YES;
				CODE_SIGN_IDENTITY = "iPhone Developer";
				COPY_PHASE_STRIP = NO;
				DEBUG_INFORMATION_FORMAT = dwarf;
				ENABLE_STRICT_OBJC_MSGSEND = YES;
				ENABLE_TESTABILITY = YES;
				GCC_C_LANGUAGE_STANDARD = gnu11;
				GCC_DYNAMIC_NO_PIC = NO;
				GCC_NO_COMMON_BLOCKS = YES;
				GCC_OPTIMIZATION_LEVEL = 0;
				GCC_PREPROCESSOR_DEFINITIONS = (
					"DEBUG=1",
					"$(inherited)",
				);
				GCC_WARN_64_TO_32_BIT_CONVERSION = YES;
				GCC_WARN_ABOUT_RETURN_TYPE = YES_ERROR;
				GCC_WARN_UNDECLARED_SELECTOR = YES;
				GCC_WARN_UNINITIALIZED_AUTOS = YES_AGGRESSIVE;
				GCC_WARN_UNUSED_FUNCTION = YES;
				GCC_WARN_UNUSED_VARIABLE = YES;
				IPHONEOS_DEPLOYMENT_TARGET = 12.2;
				MTL_ENABLE_DEBUG_INFO = INCLUDE_SOURCE;
				MTL_FAST_MATH = YES;
				ONLY_ACTIVE_ARCH = YES;
				SDKROOT = iphoneos;
			};
			name = Debug;
		};
		A2D0A0C022C3F0D3002F6991 /* Release */ = {
			isa = XCBuildConfiguration;
			buildSettings = {
				ALWAYS_SEARCH_USER_PATHS = NO;
				CLANG_ANALYZER_NONNULL = YES;
				CLANG_ANALYZER_NUMBER_OBJECT_CONVERSION = YES_AGGRESSIVE;
				CLANG_CXX_LANGUAGE_STANDARD = "gnu++14";
				CLANG_CXX_LIBRARY = "libc++";
				CLANG_ENABLE_MODULES = YES;
				CLANG_ENABLE_OBJC_ARC = YES;
				CLANG_ENABLE_OBJC_WEAK = YES;
				CLANG_WARN_BLOCK_CAPTURE_AUTORELEASING = YES;
				CLANG_WARN_BOOL_CONVERSION = YES;
				CLANG_WARN_COMMA = YES;
				CLANG_WARN_CONSTANT_CONVERSION = YES;
				CLANG_WARN_DEPRECATED_OBJC_IMPLEMENTATIONS = YES;
				CLANG_WARN_DIRECT_OBJC_ISA_USAGE = YES_ERROR;
				CLANG_WARN_DOCUMENTATION_COMMENTS = YES;
				CLANG_WARN_EMPTY_BODY = YES;
				CLANG_WARN_ENUM_CONVERSION = YES;
				CLANG_WARN_INFINITE_RECURSION = YES;
				CLANG_WARN_INT_CONVERSION = YES;
				CLANG_WARN_NON_LITERAL_NULL_CONVERSION = YES;
				CLANG_WARN_OBJC_IMPLICIT_RETAIN_SELF = YES;
				CLANG_WARN_OBJC_LITERAL_CONVERSION = YES;
				CLANG_WARN_OBJC_ROOT_CLASS = YES_ERROR;
				CLANG_WARN_RANGE_LOOP_ANALYSIS = YES;
				CLANG_WARN_STRICT_PROTOTYPES = YES;
				CLANG_WARN_SUSPICIOUS_MOVE = YES;
				CLANG_WARN_UNGUARDED_AVAILABILITY = YES_AGGRESSIVE;
				CLANG_WARN_UNREACHABLE_CODE = YES;
				CLANG_WARN__DUPLICATE_METHOD_MATCH = YES;
				CODE_SIGN_IDENTITY = "iPhone Developer";
				COPY_PHASE_STRIP = NO;
				DEBUG_INFORMATION_FORMAT = "dwarf-with-dsym";
				ENABLE_NS_ASSERTIONS = NO;
				ENABLE_STRICT_OBJC_MSGSEND = YES;
				GCC_C_LANGUAGE_STANDARD = gnu11;
				GCC_NO_COMMON_BLOCKS = YES;
				GCC_WARN_64_TO_32_BIT_CONVERSION = YES;
				GCC_WARN_ABOUT_RETURN_TYPE = YES_ERROR;
				GCC_WARN_UNDECLARED_SELECTOR = YES;
				GCC_WARN_UNINITIALIZED_AUTOS = YES_AGGRESSIVE;
				GCC_WARN_UNUSED_FUNCTION = YES;
				GCC_WARN_UNUSED_VARIABLE = YES;
				IPHONEOS_DEPLOYMENT_TARGET = 12.2;
				MTL_ENABLE_DEBUG_INFO = NO;
				MTL_FAST_MATH = YES;
				SDKROOT = iphoneos;
				VALIDATE_PRODUCT = YES;
			};
			name = Release;
		};
		A2D0A0C222C3F0D3002F6991 /* Debug */ = {
			isa = XCBuildConfiguration;
			baseConfigurationReference = 140F3F7A69F9F91D1D9D090B /* Pods-flix.debug.xcconfig */;
			buildSettings = {
				ASSETCATALOG_COMPILER_APPICON_NAME = AppIcon;
				CODE_SIGN_STYLE = Automatic;
				DEVELOPMENT_TEAM = Q2PU6GNQZR;
				INFOPLIST_FILE = flix/Info.plist;
				LD_RUNPATH_SEARCH_PATHS = (
					"$(inherited)",
					"@executable_path/Frameworks",
				);
				PRODUCT_BUNDLE_IDENTIFIER = com.juliapark628.flix;
				PRODUCT_NAME = "$(TARGET_NAME)";
				TARGETED_DEVICE_FAMILY = "1,2";
			};
			name = Debug;
		};
		A2D0A0C322C3F0D3002F6991 /* Release */ = {
			isa = XCBuildConfiguration;
			baseConfigurationReference = 5C6F9B4942D1ECF61B3A2688 /* Pods-flix.release.xcconfig */;
			buildSettings = {
				ASSETCATALOG_COMPILER_APPICON_NAME = AppIcon;
				CODE_SIGN_STYLE = Automatic;
				DEVELOPMENT_TEAM = Q2PU6GNQZR;
				INFOPLIST_FILE = flix/Info.plist;
				LD_RUNPATH_SEARCH_PATHS = (
					"$(inherited)",
					"@executable_path/Frameworks",
				);
				PRODUCT_BUNDLE_IDENTIFIER = com.juliapark628.flix;
				PRODUCT_NAME = "$(TARGET_NAME)";
				TARGETED_DEVICE_FAMILY = "1,2";
			};
			name = Release;
		};
		A2D0A0C522C3F0D3002F6991 /* Debug */ = {
			isa = XCBuildConfiguration;
			baseConfigurationReference = 541CCBF51B09EEDF5EA52CD1 /* Pods-flixTests.debug.xcconfig */;
			buildSettings = {
				BUNDLE_LOADER = "$(TEST_HOST)";
				CODE_SIGN_STYLE = Automatic;
				INFOPLIST_FILE = flixTests/Info.plist;
				LD_RUNPATH_SEARCH_PATHS = (
					"$(inherited)",
					"@executable_path/Frameworks",
					"@loader_path/Frameworks",
				);
				PRODUCT_BUNDLE_IDENTIFIER = com.juliapark628.flixTests;
				PRODUCT_NAME = "$(TARGET_NAME)";
				TARGETED_DEVICE_FAMILY = "1,2";
				TEST_HOST = "$(BUILT_PRODUCTS_DIR)/flix.app/flix";
			};
			name = Debug;
		};
		A2D0A0C622C3F0D3002F6991 /* Release */ = {
			isa = XCBuildConfiguration;
			baseConfigurationReference = A068F66BC627AA40FCBB62BF /* Pods-flixTests.release.xcconfig */;
			buildSettings = {
				BUNDLE_LOADER = "$(TEST_HOST)";
				CODE_SIGN_STYLE = Automatic;
				INFOPLIST_FILE = flixTests/Info.plist;
				LD_RUNPATH_SEARCH_PATHS = (
					"$(inherited)",
					"@executable_path/Frameworks",
					"@loader_path/Frameworks",
				);
				PRODUCT_BUNDLE_IDENTIFIER = com.juliapark628.flixTests;
				PRODUCT_NAME = "$(TARGET_NAME)";
				TARGETED_DEVICE_FAMILY = "1,2";
				TEST_HOST = "$(BUILT_PRODUCTS_DIR)/flix.app/flix";
			};
			name = Release;
		};
		A2D0A0C822C3F0D3002F6991 /* Debug */ = {
			isa = XCBuildConfiguration;
			baseConfigurationReference = 6A5A59882B637B206F1C8761 /* Pods-flixUITests.debug.xcconfig */;
			buildSettings = {
				CODE_SIGN_STYLE = Automatic;
				INFOPLIST_FILE = flixUITests/Info.plist;
				LD_RUNPATH_SEARCH_PATHS = (
					"$(inherited)",
					"@executable_path/Frameworks",
					"@loader_path/Frameworks",
				);
				PRODUCT_BUNDLE_IDENTIFIER = com.juliapark628.flixUITests;
				PRODUCT_NAME = "$(TARGET_NAME)";
				TARGETED_DEVICE_FAMILY = "1,2";
				TEST_TARGET_NAME = flix;
			};
			name = Debug;
		};
		A2D0A0C922C3F0D3002F6991 /* Release */ = {
			isa = XCBuildConfiguration;
			baseConfigurationReference = DB83D759C474DB97A71FE8FD /* Pods-flixUITests.release.xcconfig */;
			buildSettings = {
				CODE_SIGN_STYLE = Automatic;
				INFOPLIST_FILE = flixUITests/Info.plist;
				LD_RUNPATH_SEARCH_PATHS = (
					"$(inherited)",
					"@executable_path/Frameworks",
					"@loader_path/Frameworks",
				);
				PRODUCT_BUNDLE_IDENTIFIER = com.juliapark628.flixUITests;
				PRODUCT_NAME = "$(TARGET_NAME)";
				TARGETED_DEVICE_FAMILY = "1,2";
				TEST_TARGET_NAME = flix;
			};
			name = Release;
		};
/* End XCBuildConfiguration section */

/* Begin XCConfigurationList section */
		A2D0A09022C3F0D2002F6991 /* Build configuration list for PBXProject "flix" */ = {
			isa = XCConfigurationList;
			buildConfigurations = (
				A2D0A0BF22C3F0D3002F6991 /* Debug */,
				A2D0A0C022C3F0D3002F6991 /* Release */,
			);
			defaultConfigurationIsVisible = 0;
			defaultConfigurationName = Release;
		};
		A2D0A0C122C3F0D3002F6991 /* Build configuration list for PBXNativeTarget "flix" */ = {
			isa = XCConfigurationList;
			buildConfigurations = (
				A2D0A0C222C3F0D3002F6991 /* Debug */,
				A2D0A0C322C3F0D3002F6991 /* Release */,
			);
			defaultConfigurationIsVisible = 0;
			defaultConfigurationName = Release;
		};
		A2D0A0C422C3F0D3002F6991 /* Build configuration list for PBXNativeTarget "flixTests" */ = {
			isa = XCConfigurationList;
			buildConfigurations = (
				A2D0A0C522C3F0D3002F6991 /* Debug */,
				A2D0A0C622C3F0D3002F6991 /* Release */,
			);
			defaultConfigurationIsVisible = 0;
			defaultConfigurationName = Release;
		};
		A2D0A0C722C3F0D3002F6991 /* Build configuration list for PBXNativeTarget "flixUITests" */ = {
			isa = XCConfigurationList;
			buildConfigurations = (
				A2D0A0C822C3F0D3002F6991 /* Debug */,
				A2D0A0C922C3F0D3002F6991 /* Release */,
			);
			defaultConfigurationIsVisible = 0;
			defaultConfigurationName = Release;
		};
/* End XCConfigurationList section */
	};
	rootObject = A2D0A08D22C3F0D2002F6991 /* Project object */;
}
